github.com/gorilla/websocket v1.4.0 h1:WDFjx/TMzVgy9VdMMQi2K2Emtwi2QcUQsztZ/zLaH/Q=
github.com/gorilla/websocket v1.4.0/go.mod h1:E7qHFY5m1UJ88s3WnNqhKjPHQ0heANvMoAMk2YaljkQ=
github.com/mafredri/cdp v0.23.4 h1:ffp4qq6slfCL4rFWBDeRHapkLE776gER4tX5Z3LS8CY=
github.com/mafredri/cdp v0.23.4/go.mod h1:hgdiA0yp1uqhSaDOHJWPgXpMbh+LAfUdD9vbN2AM8gE=
github.com/mafredri/cdp v0.25.0 h1:nXhdpjP8Nrhw+9jnMlljEF6xs2B3vXI/wSiKDOvOXGs=
github.com/mafredri/cdp v0.25.0/go.mod h1:hgdiA0yp1uqhSaDOHJWPgXpMbh+LAfUdD9vbN2AM8gE=
